{
  "object": {
    "pins": [
      {
        "package": "DiceKit",
        "repositoryURL": "git@github.com:Samasaur1/DiceKit.git",
        "state": {
          "branch": null,
          "revision": "ce0d45142b0d7ea8089c6f6a2db10d5292f1e4ec",
          "version": "0.24.0"
        }
      }
    ]
  },
  "version": 1
}
