{
  "object": {
    "pins": [
      {
        "package": "DiceKit",
        "repositoryURL": "git@github.com:Samasaur1/DiceKit.git",
        "state": {
          "branch": null,
          "revision": "f6d949bd4f966f10ef310724153f6bc198aaafc9",
          "version": "0.21.0"
        }
      }
    ]
  },
  "version": 1
}
