// !$*UTF8*$!
{
	archiveVersion = 1;
	classes = {
	};
	objectVersion = 52;
	objects = {

/* Begin PBXBuildFile section */
		221DFB9824AA83A100E1AA80 /* AppDelegate.swift in Sources */ = {isa = PBXBuildFile; fileRef = 221DFB9724AA83A100E1AA80 /* AppDelegate.swift */; };
		221DFB9A24AA83A100E1AA80 /* SceneDelegate.swift in Sources */ = {isa = PBXBuildFile; fileRef = 221DFB9924AA83A100E1AA80 /* SceneDelegate.swift */; };
		221DFB9C24AA83A100E1AA80 /* ContentView.swift in Sources */ = {isa = PBXBuildFile; fileRef = 221DFB9B24AA83A100E1AA80 /* ContentView.swift */; };
		221DFB9E24AA83A200E1AA80 /* Assets.xcassets in Resources */ = {isa = PBXBuildFile; fileRef = 221DFB9D24AA83A200E1AA80 /* Assets.xcassets */; };
		221DFBA124AA83A200E1AA80 /* Preview Assets.xcassets in Resources */ = {isa = PBXBuildFile; fileRef = 221DFBA024AA83A200E1AA80 /* Preview Assets.xcassets */; };
		221DFBA424AA83A200E1AA80 /* LaunchScreen.storyboard in Resources */ = {isa = PBXBuildFile; fileRef = 221DFBA224AA83A200E1AA80 /* LaunchScreen.storyboard */; };
		221DFBAD24AA8F4C00E1AA80 /* DiceKit in Frameworks */ = {isa = PBXBuildFile; productRef = 221DFBAC24AA8F4C00E1AA80 /* DiceKit */; };
		223DEBAD24ABDC9200CF895E /* GraphView.swift in Sources */ = {isa = PBXBuildFile; fileRef = 223DEBAC24ABDC9200CF895E /* GraphView.swift */; };
/* End PBXBuildFile section */

/* Begin PBXFileReference section */
		221DFB9424AA83A100E1AA80 /* Die Roller.app */ = {isa = PBXFileReference; explicitFileType = wrapper.application; includeInIndex = 0; path = "Die Roller.app"; sourceTree = BUILT_PRODUCTS_DIR; };
		221DFB9724AA83A100E1AA80 /* AppDelegate.swift */ = {isa = PBXFileReference; lastKnownFileType = sourcecode.swift; path = AppDelegate.swift; sourceTree = "<group>"; };
		221DFB9924AA83A100E1AA80 /* SceneDelegate.swift */ = {isa = PBXFileReference; lastKnownFileType = sourcecode.swift; path = SceneDelegate.swift; sourceTree = "<group>"; };
		221DFB9B24AA83A100E1AA80 /* ContentView.swift */ = {isa = PBXFileReference; lastKnownFileType = sourcecode.swift; path = ContentView.swift; sourceTree = "<group>"; };
		221DFB9D24AA83A200E1AA80 /* Assets.xcassets */ = {isa = PBXFileReference; lastKnownFileType = folder.assetcatalog; path = Assets.xcassets; sourceTree = "<group>"; };
		221DFBA024AA83A200E1AA80 /* Preview Assets.xcassets */ = {isa = PBXFileReference; lastKnownFileType = folder.assetcatalog; path = "Preview Assets.xcassets"; sourceTree = "<group>"; };
		221DFBA324AA83A200E1AA80 /* Base */ = {isa = PBXFileReference; lastKnownFileType = file.storyboard; name = Base; path = Base.lproj/LaunchScreen.storyboard; sourceTree = "<group>"; };
		221DFBA524AA83A200E1AA80 /* Info.plist */ = {isa = PBXFileReference; lastKnownFileType = text.plist.xml; path = Info.plist; sourceTree = "<group>"; };
		223DEBAC24ABDC9200CF895E /* GraphView.swift */ = {isa = PBXFileReference; lastKnownFileType = sourcecode.swift; path = GraphView.swift; sourceTree = "<group>"; };
/* End PBXFileReference section */

/* Begin PBXFrameworksBuildPhase section */
		221DFB9124AA83A100E1AA80 /* Frameworks */ = {
			isa = PBXFrameworksBuildPhase;
			buildActionMask = 2147483647;
			files = (
				221DFBAD24AA8F4C00E1AA80 /* DiceKit in Frameworks */,
			);
			runOnlyForDeploymentPostprocessing = 0;
		};
/* End PBXFrameworksBuildPhase section */

/* Begin PBXGroup section */
		221DFB8B24AA83A100E1AA80 = {
			isa = PBXGroup;
			children = (
				221DFB9624AA83A100E1AA80 /* Die Roller */,
				221DFB9524AA83A100E1AA80 /* Products */,
			);
			sourceTree = "<group>";
		};
		221DFB9524AA83A100E1AA80 /* Products */ = {
			isa = PBXGroup;
			children = (
				221DFB9424AA83A100E1AA80 /* Die Roller.app */,
			);
			name = Products;
			sourceTree = "<group>";
		};
		221DFB9624AA83A100E1AA80 /* Die Roller */ = {
			isa = PBXGroup;
			children = (
				221DFB9724AA83A100E1AA80 /* AppDelegate.swift */,
				221DFB9924AA83A100E1AA80 /* SceneDelegate.swift */,
				221DFB9B24AA83A100E1AA80 /* ContentView.swift */,
				221DFB9D24AA83A200E1AA80 /* Assets.xcassets */,
				221DFBA224AA83A200E1AA80 /* LaunchScreen.storyboard */,
				221DFBA524AA83A200E1AA80 /* Info.plist */,
				221DFB9F24AA83A200E1AA80 /* Preview Content */,
				223DEBAC24ABDC9200CF895E /* GraphView.swift */,
			);
			path = "Die Roller";
			sourceTree = "<group>";
		};
		221DFB9F24AA83A200E1AA80 /* Preview Content */ = {
			isa = PBXGroup;
			children = (
				221DFBA024AA83A200E1AA80 /* Preview Assets.xcassets */,
			);
			path = "Preview Content";
			sourceTree = "<group>";
		};
/* End PBXGroup section */

/* Begin PBXNativeTarget section */
		221DFB9324AA83A100E1AA80 /* Die Roller */ = {
			isa = PBXNativeTarget;
			buildConfigurationList = 221DFBA824AA83A200E1AA80 /* Build configuration list for PBXNativeTarget "Die Roller" */;
			buildPhases = (
				221DFB9024AA83A100E1AA80 /* Sources */,
				221DFB9124AA83A100E1AA80 /* Frameworks */,
				221DFB9224AA83A100E1AA80 /* Resources */,
			);
			buildRules = (
			);
			dependencies = (
			);
			name = "Die Roller";
			packageProductDependencies = (
				221DFBAC24AA8F4C00E1AA80 /* DiceKit */,
			);
			productName = "Die Roller";
			productReference = 221DFB9424AA83A100E1AA80 /* Die Roller.app */;
			productType = "com.apple.product-type.application";
		};
/* End PBXNativeTarget section */

/* Begin PBXProject section */
		221DFB8C24AA83A100E1AA80 /* Project object */ = {
			isa = PBXProject;
			attributes = {
				LastSwiftUpdateCheck = 1150;
				LastUpgradeCheck = 1150;
				ORGANIZATIONNAME = "Sam Gauck";
				TargetAttributes = {
					221DFB9324AA83A100E1AA80 = {
						CreatedOnToolsVersion = 11.5;
					};
				};
			};
			buildConfigurationList = 221DFB8F24AA83A100E1AA80 /* Build configuration list for PBXProject "Die Roller" */;
			compatibilityVersion = "Xcode 9.3";
			developmentRegion = en;
			hasScannedForEncodings = 0;
			knownRegions = (
				en,
				Base,
			);
			mainGroup = 221DFB8B24AA83A100E1AA80;
			packageReferences = (
				221DFBAB24AA8F4C00E1AA80 /* XCRemoteSwiftPackageReference "DiceKit" */,
			);
			productRefGroup = 221DFB9524AA83A100E1AA80 /* Products */;
			projectDirPath = "";
			projectRoot = "";
			targets = (
				221DFB9324AA83A100E1AA80 /* Die Roller */,
			);
		};
/* End PBXProject section */

/* Begin PBXResourcesBuildPhase section */
		221DFB9224AA83A100E1AA80 /* Resources */ = {
			isa = PBXResourcesBuildPhase;
			buildActionMask = 2147483647;
			files = (
				221DFBA424AA83A200E1AA80 /* LaunchScreen.storyboard in Resources */,
				221DFBA124AA83A200E1AA80 /* Preview Assets.xcassets in Resources */,
				221DFB9E24AA83A200E1AA80 /* Assets.xcassets in Resources */,
			);
			runOnlyForDeploymentPostprocessing = 0;
		};
/* End PBXResourcesBuildPhase section */

/* Begin PBXSourcesBuildPhase section */
		221DFB9024AA83A100E1AA80 /* Sources */ = {
			isa = PBXSourcesBuildPhase;
			buildActionMask = 2147483647;
			files = (
				221DFB9824AA83A100E1AA80 /* AppDelegate.swift in Sources */,
				221DFB9A24AA83A100E1AA80 /* SceneDelegate.swift in Sources */,
				221DFB9C24AA83A100E1AA80 /* ContentView.swift in Sources */,
				223DEBAD24ABDC9200CF895E /* GraphView.swift in Sources */,
			);
			runOnlyForDeploymentPostprocessing = 0;
		};
/* End PBXSourcesBuildPhase section */

/* Begin PBXVariantGroup section */
		221DFBA224AA83A200E1AA80 /* LaunchScreen.storyboard */ = {
			isa = PBXVariantGroup;
			children = (
				221DFBA324AA83A200E1AA80 /* Base */,
			);
			name = LaunchScreen.storyboard;
			sourceTree = "<group>";
		};
/* End PBXVariantGroup section */

/* Begin XCBuildConfiguration section */
		221DFBA624AA83A200E1AA80 /* Debug */ = {
			isa = XCBuildConfiguration;
			buildSettings = {
				ALWAYS_SEARCH_USER_PATHS = NO;
				CLANG_ANALYZER_NONNULL = YES;
				CLANG_ANALYZER_NUMBER_OBJECT_CONVERSION = YES_AGGRESSIVE;
				CLANG_CXX_LANGUAGE_STANDARD = "gnu++14";
				CLANG_CXX_LIBRARY = "libc++";
				CLANG_ENABLE_MODULES = YES;
				CLANG_ENABLE_OBJC_ARC = YES;
				CLANG_ENABLE_OBJC_WEAK = YES;
				CLANG_WARN_BLOCK_CAPTURE_AUTORELEASING = YES;
				CLANG_WARN_BOOL_CONVERSION = YES;
				CLANG_WARN_COMMA = YES;
				CLANG_WARN_CONSTANT_CONVERSION = YES;
				CLANG_WARN_DEPRECATED_OBJC_IMPLEMENTATIONS = YES;
				CLANG_WARN_DIRECT_OBJC_ISA_USAGE = YES_ERROR;
				CLANG_WARN_DOCUMENTATION_COMMENTS = YES;
				CLANG_WARN_EMPTY_BODY = YES;
				CLANG_WARN_ENUM_CONVERSION = YES;
				CLANG_WARN_INFINITE_RECURSION = YES;
				CLANG_WARN_INT_CONVERSION = YES;
				CLANG_WARN_NON_LITERAL_NULL_CONVERSION = YES;
				CLANG_WARN_OBJC_IMPLICIT_RETAIN_SELF = YES;
				CLANG_WARN_OBJC_LITERAL_CONVERSION = YES;
				CLANG_WARN_OBJC_ROOT_CLASS = YES_ERROR;
				CLANG_WARN_RANGE_LOOP_ANALYSIS = YES;
				CLANG_WARN_STRICT_PROTOTYPES = YES;
				CLANG_WARN_SUSPICIOUS_MOVE = YES;
				CLANG_WARN_UNGUARDED_AVAILABILITY = YES_AGGRESSIVE;
				CLANG_WARN_UNREACHABLE_CODE = YES;
				CLANG_WARN__DUPLICATE_METHOD_MATCH = YES;
				COPY_PHASE_STRIP = NO;
				DEBUG_INFORMATION_FORMAT = dwarf;
				ENABLE_STRICT_OBJC_MSGSEND = YES;
				ENABLE_TESTABILITY = YES;
				GCC_C_LANGUAGE_STANDARD = gnu11;
				GCC_DYNAMIC_NO_PIC = NO;
				GCC_NO_COMMON_BLOCKS = YES;
				GCC_OPTIMIZATION_LEVEL = 0;
				GCC_PREPROCESSOR_DEFINITIONS = (
					"DEBUG=1",
					"$(inherited)",
				);
				GCC_WARN_64_TO_32_BIT_CONVERSION = YES;
				GCC_WARN_ABOUT_RETURN_TYPE = YES_ERROR;
				GCC_WARN_UNDECLARED_SELECTOR = YES;
				GCC_WARN_UNINITIALIZED_AUTOS = YES_AGGRESSIVE;
				GCC_WARN_UNUSED_FUNCTION = YES;
				GCC_WARN_UNUSED_VARIABLE = YES;
				IPHONEOS_DEPLOYMENT_TARGET = 13.5;
				MTL_ENABLE_DEBUG_INFO = INCLUDE_SOURCE;
				MTL_FAST_MATH = YES;
				ONLY_ACTIVE_ARCH = YES;
				SDKROOT = iphoneos;
				SWIFT_ACTIVE_COMPILATION_CONDITIONS = DEBUG;
				SWIFT_OPTIMIZATION_LEVEL = "-Onone";
			};
			name = Debug;
		};
		221DFBA724AA83A200E1AA80 /* Release */ = {
			isa = XCBuildConfiguration;
			buildSettings = {
				ALWAYS_SEARCH_USER_PATHS = NO;
				CLANG_ANALYZER_NONNULL = YES;
				CLANG_ANALYZER_NUMBER_OBJECT_CONVERSION = YES_AGGRESSIVE;
				CLANG_CXX_LANGUAGE_STANDARD = "gnu++14";
				CLANG_CXX_LIBRARY = "libc++";
				CLANG_ENABLE_MODULES = YES;
				CLANG_ENABLE_OBJC_ARC = YES;
				CLANG_ENABLE_OBJC_WEAK = YES;
				CLANG_WARN_BLOCK_CAPTURE_AUTORELEASING = YES;
				CLANG_WARN_BOOL_CONVERSION = YES;
				CLANG_WARN_COMMA = YES;
				CLANG_WARN_CONSTANT_CONVERSION = YES;
				CLANG_WARN_DEPRECATED_OBJC_IMPLEMENTATIONS = YES;
				CLANG_WARN_DIRECT_OBJC_ISA_USAGE = YES_ERROR;
				CLANG_WARN_DOCUMENTATION_COMMENTS = YES;
				CLANG_WARN_EMPTY_BODY = YES;
				CLANG_WARN_ENUM_CONVERSION = YES;
				CLANG_WARN_INFINITE_RECURSION = YES;
				CLANG_WARN_INT_CONVERSION = YES;
				CLANG_WARN_NON_LITERAL_NULL_CONVERSION = YES;
				CLANG_WARN_OBJC_IMPLICIT_RETAIN_SELF = YES;
				CLANG_WARN_OBJC_LITERAL_CONVERSION = YES;
				CLANG_WARN_OBJC_ROOT_CLASS = YES_ERROR;
				CLANG_WARN_RANGE_LOOP_ANALYSIS = YES;
				CLANG_WARN_STRICT_PROTOTYPES = YES;
				CLANG_WARN_SUSPICIOUS_MOVE = YES;
				CLANG_WARN_UNGUARDED_AVAILABILITY = YES_AGGRESSIVE;
				CLANG_WARN_UNREACHABLE_CODE = YES;
				CLANG_WARN__DUPLICATE_METHOD_MATCH = YES;
				COPY_PHASE_STRIP = NO;
				DEBUG_INFORMATION_FORMAT = "dwarf-with-dsym";
				ENABLE_NS_ASSERTIONS = NO;
				ENABLE_STRICT_OBJC_MSGSEND = YES;
				GCC_C_LANGUAGE_STANDARD = gnu11;
				GCC_NO_COMMON_BLOCKS = YES;
				GCC_WARN_64_TO_32_BIT_CONVERSION = YES;
				GCC_WARN_ABOUT_RETURN_TYPE = YES_ERROR;
				GCC_WARN_UNDECLARED_SELECTOR = YES;
				GCC_WARN_UNINITIALIZED_AUTOS = YES_AGGRESSIVE;
				GCC_WARN_UNUSED_FUNCTION = YES;
				GCC_WARN_UNUSED_VARIABLE = YES;
				IPHONEOS_DEPLOYMENT_TARGET = 13.5;
				MTL_ENABLE_DEBUG_INFO = NO;
				MTL_FAST_MATH = YES;
				SDKROOT = iphoneos;
				SWIFT_COMPILATION_MODE = wholemodule;
				SWIFT_OPTIMIZATION_LEVEL = "-O";
				VALIDATE_PRODUCT = YES;
			};
			name = Release;
		};
		221DFBA924AA83A200E1AA80 /* Debug */ = {
			isa = XCBuildConfiguration;
			buildSettings = {
				ASSETCATALOG_COMPILER_APPICON_NAME = AppIcon;
				CODE_SIGN_IDENTITY = "Apple Development";
				CODE_SIGN_STYLE = Automatic;
				CURRENT_PROJECT_VERSION = 1;
				DEVELOPMENT_ASSET_PATHS = "\"Die Roller/Preview Content\"";
				DEVELOPMENT_TEAM = S5SRAG6XM2;
				ENABLE_PREVIEWS = YES;
				INFOPLIST_FILE = "Die Roller/Info.plist";
				LD_RUNPATH_SEARCH_PATHS = (
					"$(inherited)",
					"@executable_path/Frameworks",
				);
				MARKETING_VERSION = 2.1.0;
				PRODUCT_BUNDLE_IDENTIFIER = "com.gauck.sam.Die-Roller";
				PRODUCT_NAME = "$(TARGET_NAME)";
				PROVISIONING_PROFILE_SPECIFIER = "";
				SWIFT_VERSION = 5.0;
				TARGETED_DEVICE_FAMILY = 1;
			};
			name = Debug;
		};
		221DFBAA24AA83A200E1AA80 /* Release */ = {
			isa = XCBuildConfiguration;
			buildSettings = {
				ASSETCATALOG_COMPILER_APPICON_NAME = AppIcon;
				CODE_SIGN_IDENTITY = "Apple Development";
				CODE_SIGN_STYLE = Automatic;
				CURRENT_PROJECT_VERSION = 1;
				DEVELOPMENT_ASSET_PATHS = "\"Die Roller/Preview Content\"";
				DEVELOPMENT_TEAM = S5SRAG6XM2;
				ENABLE_PREVIEWS = YES;
				INFOPLIST_FILE = "Die Roller/Info.plist";
				LD_RUNPATH_SEARCH_PATHS = (
					"$(inherited)",
					"@executable_path/Frameworks",
				);
				MARKETING_VERSION = 2.1.0;
				PRODUCT_BUNDLE_IDENTIFIER = "com.gauck.sam.Die-Roller";
				PRODUCT_NAME = "$(TARGET_NAME)";
				PROVISIONING_PROFILE_SPECIFIER = "";
				SWIFT_VERSION = 5.0;
				TARGETED_DEVICE_FAMILY = 1;
			};
			name = Release;
		};
/* End XCBuildConfiguration section */

/* Begin XCConfigurationList section */
		221DFB8F24AA83A100E1AA80 /* Build configuration list for PBXProject "Die Roller" */ = {
			isa = XCConfigurationList;
			buildConfigurations = (
				221DFBA624AA83A200E1AA80 /* Debug */,
				221DFBA724AA83A200E1AA80 /* Release */,
			);
			defaultConfigurationIsVisible = 0;
			defaultConfigurationName = Release;
		};
		221DFBA824AA83A200E1AA80 /* Build configuration list for PBXNativeTarget "Die Roller" */ = {
			isa = XCConfigurationList;
			buildConfigurations = (
				221DFBA924AA83A200E1AA80 /* Debug */,
				221DFBAA24AA83A200E1AA80 /* Release */,
			);
			defaultConfigurationIsVisible = 0;
			defaultConfigurationName = Release;
		};
/* End XCConfigurationList section */

/* Begin XCRemoteSwiftPackageReference section */
		221DFBAB24AA8F4C00E1AA80 /* XCRemoteSwiftPackageReference "DiceKit" */ = {
			isa = XCRemoteSwiftPackageReference;
			repositoryURL = "git@github.com:Samasaur1/DiceKit.git";
			requirement = {
				kind = upToNextMinorVersion;
				minimumVersion = 0.24.0;
			};
		};
/* End XCRemoteSwiftPackageReference section */

/* Begin XCSwiftPackageProductDependency section */
		221DFBAC24AA8F4C00E1AA80 /* DiceKit */ = {
			isa = XCSwiftPackageProductDependency;
			package = 221DFBAB24AA8F4C00E1AA80 /* XCRemoteSwiftPackageReference "DiceKit" */;
			productName = DiceKit;
		};
/* End XCSwiftPackageProductDependency section */
	};
	rootObject = 221DFB8C24AA83A100E1AA80 /* Project object */;
}
